
Microsoft Visual Studio Solution File, Format Version 12.00
# Visual Studio Version 17
VisualStudioVersion = 17.5.002.0
MinimumVisualStudioVersion = 10.0.40219.1
Project("{2150E333-8FDC-42A3-9474-1A3956D46DE8}") = "src", "src", "{A658F50B-1EA5-42A1-BCF2-D134E88086AE}"
	ProjectSection(SolutionItems) = preProject
		docker-compose.yaml = docker-compose.yaml
	EndProjectSection
EndProject
Project("{9A19103F-16F7-4668-BE54-9A1E7A4F7556}") = "AWS.Playground.API", "src\AWS.Playground.API\AWS.Playground.API.csproj", "{F202F567-C8DA-45F8-AD15-4E9EA1911D72}"
EndProject
Global
	GlobalSection(SolutionConfigurationPlatforms) = preSolution
		Debug|Any CPU = Debug|Any CPU
		Release|Any CPU = Release|Any CPU
	EndGlobalSection
	GlobalSection(ProjectConfigurationPlatforms) = postSolution
		{F202F567-C8DA-45F8-AD15-4E9EA1911D72}.Debug|Any CPU.ActiveCfg = Debug|Any CPU
		{F202F567-C8DA-45F8-AD15-4E9EA1911D72}.Debug|Any CPU.Build.0 = Debug|Any CPU
		{F202F567-C8DA-45F8-AD15-4E9EA1911D72}.Release|Any CPU.ActiveCfg = Release|Any CPU
		{F202F567-C8DA-45F8-AD15-4E9EA1911D72}.Release|Any CPU.Build.0 = Release|Any CPU
	EndGlobalSection
	GlobalSection(SolutionProperties) = preSolution
		HideSolutionNode = FALSE
	EndGlobalSection
	GlobalSection(NestedProjects) = preSolution
		{F202F567-C8DA-45F8-AD15-4E9EA1911D72} = {A658F50B-1EA5-42A1-BCF2-D134E88086AE}
	EndGlobalSection
	GlobalSection(ExtensibilityGlobals) = postSolution
		SolutionGuid = {F915557A-412F-45BA-BC9B-CB60122C7C44}
	EndGlobalSection
EndGlobal
